// !$*UTF8*$!
{
	archiveVersion = 1;
	classes = {
	};
	objectVersion = 46;
	objects = {

/* Begin PBXBuildFile section */
		241D5C7B1C0E4C4600DF0F41 /* AppDelegate.swift in Sources */ = {isa = PBXBuildFile; fileRef = 241D5C7A1C0E4C4600DF0F41 /* AppDelegate.swift */; };
		241D5C7D1C0E4C4600DF0F41 /* ViewController.swift in Sources */ = {isa = PBXBuildFile; fileRef = 241D5C7C1C0E4C4600DF0F41 /* ViewController.swift */; };
		241D5C801C0E4C4600DF0F41 /* Main.storyboard in Resources */ = {isa = PBXBuildFile; fileRef = 241D5C7E1C0E4C4600DF0F41 /* Main.storyboard */; };
		241D5C821C0E4C4600DF0F41 /* Assets.xcassets in Resources */ = {isa = PBXBuildFile; fileRef = 241D5C811C0E4C4600DF0F41 /* Assets.xcassets */; };
		241D5C851C0E4C4600DF0F41 /* LaunchScreen.storyboard in Resources */ = {isa = PBXBuildFile; fileRef = 241D5C831C0E4C4600DF0F41 /* LaunchScreen.storyboard */; };
		241D5C901C0E4C4600DF0F41 /* Seneca7Tests.swift in Sources */ = {isa = PBXBuildFile; fileRef = 241D5C8F1C0E4C4600DF0F41 /* Seneca7Tests.swift */; };
		241D5C9B1C0E4C4600DF0F41 /* Seneca7UITests.swift in Sources */ = {isa = PBXBuildFile; fileRef = 241D5C9A1C0E4C4600DF0F41 /* Seneca7UITests.swift */; };
		24E243071CB74F650099B790 /* RealmDay.swift in Sources */ = {isa = PBXBuildFile; fileRef = 24E243061CB74F650099B790 /* RealmDay.swift */; };
		24E2430A1CB752390099B790 /* Realm.framework in Frameworks */ = {isa = PBXBuildFile; fileRef = 24E243081CB752390099B790 /* Realm.framework */; };
		24E2430B1CB752390099B790 /* Realm.framework in Embed Frameworks */ = {isa = PBXBuildFile; fileRef = 24E243081CB752390099B790 /* Realm.framework */; settings = {ATTRIBUTES = (CodeSignOnCopy, RemoveHeadersOnCopy, ); }; };
		24E2430C1CB752390099B790 /* RealmSwift.framework in Frameworks */ = {isa = PBXBuildFile; fileRef = 24E243091CB752390099B790 /* RealmSwift.framework */; };
		24E2430D1CB752390099B790 /* RealmSwift.framework in Embed Frameworks */ = {isa = PBXBuildFile; fileRef = 24E243091CB752390099B790 /* RealmSwift.framework */; settings = {ATTRIBUTES = (CodeSignOnCopy, RemoveHeadersOnCopy, ); }; };
		3C5AA8F31C0FA44A001FF292 /* Utilities.swift in Sources */ = {isa = PBXBuildFile; fileRef = 3C5AA8F21C0FA44A001FF292 /* Utilities.swift */; };
		3C827F241C0F9D11008B3B98 /* AddWorkLocationViewController.swift in Sources */ = {isa = PBXBuildFile; fileRef = 3C827F231C0F9D11008B3B98 /* AddWorkLocationViewController.swift */; };
		3CAFC7F11C2E1F5C0048926F /* WorkLocationViewController.swift in Sources */ = {isa = PBXBuildFile; fileRef = 3CAFC7F01C2E1F5C0048926F /* WorkLocationViewController.swift */; };
		3CAFC7F31C2E41DC0048926F /* WorkDataViewController.swift in Sources */ = {isa = PBXBuildFile; fileRef = 3CAFC7F21C2E41DC0048926F /* WorkDataViewController.swift */; };
		3CD5B8931C14B9BE001FAA29 /* WorkLocation.swift in Sources */ = {isa = PBXBuildFile; fileRef = 3CD5B8921C14B9BE001FAA29 /* WorkLocation.swift */; };
		3CD5B8951C150FCA001FAA29 /* MapKit.framework in Frameworks */ = {isa = PBXBuildFile; fileRef = 3CD5B8941C150FCA001FAA29 /* MapKit.framework */; };
		60632622761A7E3C7EA59137 /* Pods_Seneca7.framework in Frameworks */ = {isa = PBXBuildFile; fileRef = 35757FE333C75B72E5F81704 /* Pods_Seneca7.framework */; };
/* End PBXBuildFile section */

/* Begin PBXContainerItemProxy section */
		241D5C8C1C0E4C4600DF0F41 /* PBXContainerItemProxy */ = {
			isa = PBXContainerItemProxy;
			containerPortal = 241D5C6F1C0E4C4600DF0F41 /* Project object */;
			proxyType = 1;
			remoteGlobalIDString = 241D5C761C0E4C4600DF0F41;
			remoteInfo = Seneca7;
		};
		241D5C971C0E4C4600DF0F41 /* PBXContainerItemProxy */ = {
			isa = PBXContainerItemProxy;
			containerPortal = 241D5C6F1C0E4C4600DF0F41 /* Project object */;
			proxyType = 1;
			remoteGlobalIDString = 241D5C761C0E4C4600DF0F41;
			remoteInfo = Seneca7;
		};
/* End PBXContainerItemProxy section */

/* Begin PBXCopyFilesBuildPhase section */
		24E2430E1CB752390099B790 /* Embed Frameworks */ = {
			isa = PBXCopyFilesBuildPhase;
			buildActionMask = 2147483647;
			dstPath = "";
			dstSubfolderSpec = 10;
			files = (
				24E2430D1CB752390099B790 /* RealmSwift.framework in Embed Frameworks */,
				24E2430B1CB752390099B790 /* Realm.framework in Embed Frameworks */,
			);
			name = "Embed Frameworks";
			runOnlyForDeploymentPostprocessing = 0;
		};
/* End PBXCopyFilesBuildPhase section */

/* Begin PBXFileReference section */
		1A368F2B5F0767046D89E44A /* Pods-Seneca7.debug.xcconfig */ = {isa = PBXFileReference; includeInIndex = 1; lastKnownFileType = text.xcconfig; name = "Pods-Seneca7.debug.xcconfig"; path = "Pods/Target Support Files/Pods-Seneca7/Pods-Seneca7.debug.xcconfig"; sourceTree = "<group>"; };
		241D5C771C0E4C4600DF0F41 /* Seneca7.app */ = {isa = PBXFileReference; explicitFileType = wrapper.application; includeInIndex = 0; path = Seneca7.app; sourceTree = BUILT_PRODUCTS_DIR; };
		241D5C7A1C0E4C4600DF0F41 /* AppDelegate.swift */ = {isa = PBXFileReference; lastKnownFileType = sourcecode.swift; path = AppDelegate.swift; sourceTree = "<group>"; };
		241D5C7C1C0E4C4600DF0F41 /* ViewController.swift */ = {isa = PBXFileReference; lastKnownFileType = sourcecode.swift; path = ViewController.swift; sourceTree = "<group>"; };
		241D5C7F1C0E4C4600DF0F41 /* Base */ = {isa = PBXFileReference; lastKnownFileType = file.storyboard; name = Base; path = Base.lproj/Main.storyboard; sourceTree = "<group>"; };
		241D5C811C0E4C4600DF0F41 /* Assets.xcassets */ = {isa = PBXFileReference; lastKnownFileType = folder.assetcatalog; path = Assets.xcassets; sourceTree = "<group>"; };
		241D5C841C0E4C4600DF0F41 /* Base */ = {isa = PBXFileReference; lastKnownFileType = file.storyboard; name = Base; path = Base.lproj/LaunchScreen.storyboard; sourceTree = "<group>"; };
		241D5C861C0E4C4600DF0F41 /* Info.plist */ = {isa = PBXFileReference; lastKnownFileType = text.plist.xml; path = Info.plist; sourceTree = "<group>"; };
		241D5C8B1C0E4C4600DF0F41 /* Seneca7Tests.xctest */ = {isa = PBXFileReference; explicitFileType = wrapper.cfbundle; includeInIndex = 0; path = Seneca7Tests.xctest; sourceTree = BUILT_PRODUCTS_DIR; };
		241D5C8F1C0E4C4600DF0F41 /* Seneca7Tests.swift */ = {isa = PBXFileReference; lastKnownFileType = sourcecode.swift; path = Seneca7Tests.swift; sourceTree = "<group>"; };
		241D5C911C0E4C4600DF0F41 /* Info.plist */ = {isa = PBXFileReference; lastKnownFileType = text.plist.xml; path = Info.plist; sourceTree = "<group>"; };
		241D5C961C0E4C4600DF0F41 /* Seneca7UITests.xctest */ = {isa = PBXFileReference; explicitFileType = wrapper.cfbundle; includeInIndex = 0; path = Seneca7UITests.xctest; sourceTree = BUILT_PRODUCTS_DIR; };
		241D5C9A1C0E4C4600DF0F41 /* Seneca7UITests.swift */ = {isa = PBXFileReference; lastKnownFileType = sourcecode.swift; path = Seneca7UITests.swift; sourceTree = "<group>"; };
		241D5C9C1C0E4C4600DF0F41 /* Info.plist */ = {isa = PBXFileReference; lastKnownFileType = text.plist.xml; path = Info.plist; sourceTree = "<group>"; };
		24E243061CB74F650099B790 /* RealmDay.swift */ = {isa = PBXFileReference; fileEncoding = 4; lastKnownFileType = sourcecode.swift; path = RealmDay.swift; sourceTree = "<group>"; };
		24E243081CB752390099B790 /* Realm.framework */ = {isa = PBXFileReference; lastKnownFileType = wrapper.framework; path = Realm.framework; sourceTree = "<group>"; };
		24E243091CB752390099B790 /* RealmSwift.framework */ = {isa = PBXFileReference; lastKnownFileType = wrapper.framework; path = RealmSwift.framework; sourceTree = "<group>"; };
		35757FE333C75B72E5F81704 /* Pods_Seneca7.framework */ = {isa = PBXFileReference; explicitFileType = wrapper.framework; includeInIndex = 0; path = Pods_Seneca7.framework; sourceTree = BUILT_PRODUCTS_DIR; };
		3C5AA8F21C0FA44A001FF292 /* Utilities.swift */ = {isa = PBXFileReference; fileEncoding = 4; lastKnownFileType = sourcecode.swift; path = Utilities.swift; sourceTree = "<group>"; };
		3C827F231C0F9D11008B3B98 /* AddWorkLocationViewController.swift */ = {isa = PBXFileReference; fileEncoding = 4; lastKnownFileType = sourcecode.swift; path = AddWorkLocationViewController.swift; sourceTree = "<group>"; };
		3CAFC7F01C2E1F5C0048926F /* WorkLocationViewController.swift */ = {isa = PBXFileReference; fileEncoding = 4; lastKnownFileType = sourcecode.swift; path = WorkLocationViewController.swift; sourceTree = "<group>"; };
		3CAFC7F21C2E41DC0048926F /* WorkDataViewController.swift */ = {isa = PBXFileReference; fileEncoding = 4; lastKnownFileType = sourcecode.swift; path = WorkDataViewController.swift; sourceTree = "<group>"; };
		3CD5B8921C14B9BE001FAA29 /* WorkLocation.swift */ = {isa = PBXFileReference; fileEncoding = 4; lastKnownFileType = sourcecode.swift; path = WorkLocation.swift; sourceTree = "<group>"; };
		3CD5B8941C150FCA001FAA29 /* MapKit.framework */ = {isa = PBXFileReference; lastKnownFileType = wrapper.framework; name = MapKit.framework; path = System/Library/Frameworks/MapKit.framework; sourceTree = SDKROOT; };
		DA3B9F117AAB8F3014F93B5E /* Pods-Seneca7.release.xcconfig */ = {isa = PBXFileReference; includeInIndex = 1; lastKnownFileType = text.xcconfig; name = "Pods-Seneca7.release.xcconfig"; path = "Pods/Target Support Files/Pods-Seneca7/Pods-Seneca7.release.xcconfig"; sourceTree = "<group>"; };
/* End PBXFileReference section */

/* Begin PBXFrameworksBuildPhase section */
		241D5C741C0E4C4600DF0F41 /* Frameworks */ = {
			isa = PBXFrameworksBuildPhase;
			buildActionMask = 2147483647;
			files = (
				24E2430A1CB752390099B790 /* Realm.framework in Frameworks */,
				3CD5B8951C150FCA001FAA29 /* MapKit.framework in Frameworks */,
				24E2430C1CB752390099B790 /* RealmSwift.framework in Frameworks */,
				60632622761A7E3C7EA59137 /* Pods_Seneca7.framework in Frameworks */,
			);
			runOnlyForDeploymentPostprocessing = 0;
		};
		241D5C881C0E4C4600DF0F41 /* Frameworks */ = {
			isa = PBXFrameworksBuildPhase;
			buildActionMask = 2147483647;
			files = (
			);
			runOnlyForDeploymentPostprocessing = 0;
		};
		241D5C931C0E4C4600DF0F41 /* Frameworks */ = {
			isa = PBXFrameworksBuildPhase;
			buildActionMask = 2147483647;
			files = (
			);
			runOnlyForDeploymentPostprocessing = 0;
		};
/* End PBXFrameworksBuildPhase section */

/* Begin PBXGroup section */
		234FC0ED94FF26EFA6536059 /* Pods */ = {
			isa = PBXGroup;
			children = (
				1A368F2B5F0767046D89E44A /* Pods-Seneca7.debug.xcconfig */,
				DA3B9F117AAB8F3014F93B5E /* Pods-Seneca7.release.xcconfig */,
			);
			name = Pods;
			sourceTree = "<group>";
		};
		241D5C6E1C0E4C4600DF0F41 = {
			isa = PBXGroup;
			children = (
				24E243081CB752390099B790 /* Realm.framework */,
				24E243091CB752390099B790 /* RealmSwift.framework */,
				241D5C791C0E4C4600DF0F41 /* Seneca7 */,
				241D5C8E1C0E4C4600DF0F41 /* Seneca7Tests */,
				241D5C991C0E4C4600DF0F41 /* Seneca7UITests */,
				241D5C781C0E4C4600DF0F41 /* Products */,
				234FC0ED94FF26EFA6536059 /* Pods */,
				4356599B7DDEBB8BE324A688 /* Frameworks */,
			);
			sourceTree = "<group>";
		};
		241D5C781C0E4C4600DF0F41 /* Products */ = {
			isa = PBXGroup;
			children = (
				241D5C771C0E4C4600DF0F41 /* Seneca7.app */,
				241D5C8B1C0E4C4600DF0F41 /* Seneca7Tests.xctest */,
				241D5C961C0E4C4600DF0F41 /* Seneca7UITests.xctest */,
			);
			name = Products;
			sourceTree = "<group>";
		};
		241D5C791C0E4C4600DF0F41 /* Seneca7 */ = {
			isa = PBXGroup;
			children = (
				241D5C7A1C0E4C4600DF0F41 /* AppDelegate.swift */,
				241D5C7C1C0E4C4600DF0F41 /* ViewController.swift */,
				3CAFC7F01C2E1F5C0048926F /* WorkLocationViewController.swift */,
				24E243061CB74F650099B790 /* RealmDay.swift */,
				3C827F231C0F9D11008B3B98 /* AddWorkLocationViewController.swift */,
				3CAFC7F21C2E41DC0048926F /* WorkDataViewController.swift */,
				3CD5B8921C14B9BE001FAA29 /* WorkLocation.swift */,
				3C5AA8F21C0FA44A001FF292 /* Utilities.swift */,
				241D5C7E1C0E4C4600DF0F41 /* Main.storyboard */,
				241D5C811C0E4C4600DF0F41 /* Assets.xcassets */,
				241D5C831C0E4C4600DF0F41 /* LaunchScreen.storyboard */,
				241D5C861C0E4C4600DF0F41 /* Info.plist */,
			);
			path = Seneca7;
			sourceTree = "<group>";
		};
		241D5C8E1C0E4C4600DF0F41 /* Seneca7Tests */ = {
			isa = PBXGroup;
			children = (
				241D5C8F1C0E4C4600DF0F41 /* Seneca7Tests.swift */,
				241D5C911C0E4C4600DF0F41 /* Info.plist */,
			);
			path = Seneca7Tests;
			sourceTree = "<group>";
		};
		241D5C991C0E4C4600DF0F41 /* Seneca7UITests */ = {
			isa = PBXGroup;
			children = (
				241D5C9A1C0E4C4600DF0F41 /* Seneca7UITests.swift */,
				241D5C9C1C0E4C4600DF0F41 /* Info.plist */,
			);
			path = Seneca7UITests;
			sourceTree = "<group>";
		};
		4356599B7DDEBB8BE324A688 /* Frameworks */ = {
			isa = PBXGroup;
			children = (
				3CD5B8941C150FCA001FAA29 /* MapKit.framework */,
				35757FE333C75B72E5F81704 /* Pods_Seneca7.framework */,
			);
			name = Frameworks;
			sourceTree = "<group>";
		};
/* End PBXGroup section */

/* Begin PBXNativeTarget section */
		241D5C761C0E4C4600DF0F41 /* Seneca7 */ = {
			isa = PBXNativeTarget;
			buildConfigurationList = 241D5C9F1C0E4C4600DF0F41 /* Build configuration list for PBXNativeTarget "Seneca7" */;
			buildPhases = (
				F2C7C1BC76D5D0B77C729CFC /* Check Pods Manifest.lock */,
				241D5C731C0E4C4600DF0F41 /* Sources */,
				241D5C741C0E4C4600DF0F41 /* Frameworks */,
				241D5C751C0E4C4600DF0F41 /* Resources */,
				F24799ABA03D392AECEC47EE /* Embed Pods Frameworks */,
				74E697C010F0C7DB0BAA6DDA /* Copy Pods Resources */,
				24E2430E1CB752390099B790 /* Embed Frameworks */,
				24E2430F1CB752560099B790 /* ShellScript */,
			);
			buildRules = (
			);
			dependencies = (
			);
			name = Seneca7;
			productName = Seneca7;
			productReference = 241D5C771C0E4C4600DF0F41 /* Seneca7.app */;
			productType = "com.apple.product-type.application";
		};
		241D5C8A1C0E4C4600DF0F41 /* Seneca7Tests */ = {
			isa = PBXNativeTarget;
			buildConfigurationList = 241D5CA21C0E4C4600DF0F41 /* Build configuration list for PBXNativeTarget "Seneca7Tests" */;
			buildPhases = (
				241D5C871C0E4C4600DF0F41 /* Sources */,
				241D5C881C0E4C4600DF0F41 /* Frameworks */,
				241D5C891C0E4C4600DF0F41 /* Resources */,
			);
			buildRules = (
			);
			dependencies = (
				241D5C8D1C0E4C4600DF0F41 /* PBXTargetDependency */,
			);
			name = Seneca7Tests;
			productName = Seneca7Tests;
			productReference = 241D5C8B1C0E4C4600DF0F41 /* Seneca7Tests.xctest */;
			productType = "com.apple.product-type.bundle.unit-test";
		};
		241D5C951C0E4C4600DF0F41 /* Seneca7UITests */ = {
			isa = PBXNativeTarget;
			buildConfigurationList = 241D5CA51C0E4C4600DF0F41 /* Build configuration list for PBXNativeTarget "Seneca7UITests" */;
			buildPhases = (
				241D5C921C0E4C4600DF0F41 /* Sources */,
				241D5C931C0E4C4600DF0F41 /* Frameworks */,
				241D5C941C0E4C4600DF0F41 /* Resources */,
			);
			buildRules = (
			);
			dependencies = (
				241D5C981C0E4C4600DF0F41 /* PBXTargetDependency */,
			);
			name = Seneca7UITests;
			productName = Seneca7UITests;
			productReference = 241D5C961C0E4C4600DF0F41 /* Seneca7UITests.xctest */;
			productType = "com.apple.product-type.bundle.ui-testing";
		};
/* End PBXNativeTarget section */

/* Begin PBXProject section */
		241D5C6F1C0E4C4600DF0F41 /* Project object */ = {
			isa = PBXProject;
			attributes = {
				LastSwiftUpdateCheck = 0710;
				LastUpgradeCheck = 0710;
				ORGANIZATIONNAME = "Ian Thiel";
				TargetAttributes = {
					241D5C761C0E4C4600DF0F41 = {
						CreatedOnToolsVersion = 7.1.1;
						DevelopmentTeam = DJVKHU7QUH;
						SystemCapabilities = {
							com.apple.BackgroundModes = {
								enabled = 1;
							};
							com.apple.Maps.iOS = {
								enabled = 1;
							};
						};
					};
					241D5C8A1C0E4C4600DF0F41 = {
						CreatedOnToolsVersion = 7.1.1;
						TestTargetID = 241D5C761C0E4C4600DF0F41;
					};
					241D5C951C0E4C4600DF0F41 = {
						CreatedOnToolsVersion = 7.1.1;
						TestTargetID = 241D5C761C0E4C4600DF0F41;
					};
				};
			};
			buildConfigurationList = 241D5C721C0E4C4600DF0F41 /* Build configuration list for PBXProject "Seneca7" */;
			compatibilityVersion = "Xcode 3.2";
			developmentRegion = English;
			hasScannedForEncodings = 0;
			knownRegions = (
				en,
				Base,
			);
			mainGroup = 241D5C6E1C0E4C4600DF0F41;
			productRefGroup = 241D5C781C0E4C4600DF0F41 /* Products */;
			projectDirPath = "";
			projectRoot = "";
			targets = (
				241D5C761C0E4C4600DF0F41 /* Seneca7 */,
				241D5C8A1C0E4C4600DF0F41 /* Seneca7Tests */,
				241D5C951C0E4C4600DF0F41 /* Seneca7UITests */,
			);
		};
/* End PBXProject section */

/* Begin PBXResourcesBuildPhase section */
		241D5C751C0E4C4600DF0F41 /* Resources */ = {
			isa = PBXResourcesBuildPhase;
			buildActionMask = 2147483647;
			files = (
				241D5C851C0E4C4600DF0F41 /* LaunchScreen.storyboard in Resources */,
				241D5C821C0E4C4600DF0F41 /* Assets.xcassets in Resources */,
				241D5C801C0E4C4600DF0F41 /* Main.storyboard in Resources */,
			);
			runOnlyForDeploymentPostprocessing = 0;
		};
		241D5C891C0E4C4600DF0F41 /* Resources */ = {
			isa = PBXResourcesBuildPhase;
			buildActionMask = 2147483647;
			files = (
			);
			runOnlyForDeploymentPostprocessing = 0;
		};
		241D5C941C0E4C4600DF0F41 /* Resources */ = {
			isa = PBXResourcesBuildPhase;
			buildActionMask = 2147483647;
			files = (
			);
			runOnlyForDeploymentPostprocessing = 0;
		};
/* End PBXResourcesBuildPhase section */

/* Begin PBXShellScriptBuildPhase section */
		24E2430F1CB752560099B790 /* ShellScript */ = {
			isa = PBXShellScriptBuildPhase;
			buildActionMask = 2147483647;
			files = (
			);
			inputPaths = (
			);
			outputPaths = (
			);
			runOnlyForDeploymentPostprocessing = 0;
			shellPath = /bin/sh;
			shellScript = "bash \"${BUILT_PRODUCTS_DIR}/${FRAMEWORKS_FOLDER_PATH}/Realm.framework/strip-frameworks.sh\"";
		};
		74E697C010F0C7DB0BAA6DDA /* Copy Pods Resources */ = {
			isa = PBXShellScriptBuildPhase;
			buildActionMask = 2147483647;
			files = (
			);
			inputPaths = (
			);
			name = "Copy Pods Resources";
			outputPaths = (
			);
			runOnlyForDeploymentPostprocessing = 0;
			shellPath = /bin/sh;
			shellScript = "\"${SRCROOT}/Pods/Target Support Files/Pods-Seneca7/Pods-Seneca7-resources.sh\"\n";
			showEnvVarsInLog = 0;
		};
		F24799ABA03D392AECEC47EE /* Embed Pods Frameworks */ = {
			isa = PBXShellScriptBuildPhase;
			buildActionMask = 2147483647;
			files = (
			);
			inputPaths = (
			);
			name = "Embed Pods Frameworks";
			outputPaths = (
			);
			runOnlyForDeploymentPostprocessing = 0;
			shellPath = /bin/sh;
			shellScript = "\"${SRCROOT}/Pods/Target Support Files/Pods-Seneca7/Pods-Seneca7-frameworks.sh\"\n";
			showEnvVarsInLog = 0;
		};
		F2C7C1BC76D5D0B77C729CFC /* Check Pods Manifest.lock */ = {
			isa = PBXShellScriptBuildPhase;
			buildActionMask = 2147483647;
			files = (
			);
			inputPaths = (
			);
			name = "Check Pods Manifest.lock";
			outputPaths = (
			);
			runOnlyForDeploymentPostprocessing = 0;
			shellPath = /bin/sh;
			shellScript = "diff \"${PODS_ROOT}/../Podfile.lock\" \"${PODS_ROOT}/Manifest.lock\" > /dev/null\nif [[ $? != 0 ]] ; then\n    cat << EOM\nerror: The sandbox is not in sync with the Podfile.lock. Run 'pod install' or update your CocoaPods installation.\nEOM\n    exit 1\nfi\n";
			showEnvVarsInLog = 0;
		};
/* End PBXShellScriptBuildPhase section */

/* Begin PBXSourcesBuildPhase section */
		241D5C731C0E4C4600DF0F41 /* Sources */ = {
			isa = PBXSourcesBuildPhase;
			buildActionMask = 2147483647;
			files = (
				241D5C7D1C0E4C4600DF0F41 /* ViewController.swift in Sources */,
				241D5C7B1C0E4C4600DF0F41 /* AppDelegate.swift in Sources */,
				24E243071CB74F650099B790 /* RealmDay.swift in Sources */,
				3CAFC7F11C2E1F5C0048926F /* WorkLocationViewController.swift in Sources */,
				3CAFC7F31C2E41DC0048926F /* WorkDataViewController.swift in Sources */,
				3C5AA8F31C0FA44A001FF292 /* Utilities.swift in Sources */,
				3CD5B8931C14B9BE001FAA29 /* WorkLocation.swift in Sources */,
				3C827F241C0F9D11008B3B98 /* AddWorkLocationViewController.swift in Sources */,
			);
			runOnlyForDeploymentPostprocessing = 0;
		};
		241D5C871C0E4C4600DF0F41 /* Sources */ = {
			isa = PBXSourcesBuildPhase;
			buildActionMask = 2147483647;
			files = (
				241D5C901C0E4C4600DF0F41 /* Seneca7Tests.swift in Sources */,
			);
			runOnlyForDeploymentPostprocessing = 0;
		};
		241D5C921C0E4C4600DF0F41 /* Sources */ = {
			isa = PBXSourcesBuildPhase;
			buildActionMask = 2147483647;
			files = (
				241D5C9B1C0E4C4600DF0F41 /* Seneca7UITests.swift in Sources */,
			);
			runOnlyForDeploymentPostprocessing = 0;
		};
/* End PBXSourcesBuildPhase section */

/* Begin PBXTargetDependency section */
		241D5C8D1C0E4C4600DF0F41 /* PBXTargetDependency */ = {
			isa = PBXTargetDependency;
			target = 241D5C761C0E4C4600DF0F41 /* Seneca7 */;
			targetProxy = 241D5C8C1C0E4C4600DF0F41 /* PBXContainerItemProxy */;
		};
		241D5C981C0E4C4600DF0F41 /* PBXTargetDependency */ = {
			isa = PBXTargetDependency;
			target = 241D5C761C0E4C4600DF0F41 /* Seneca7 */;
			targetProxy = 241D5C971C0E4C4600DF0F41 /* PBXContainerItemProxy */;
		};
/* End PBXTargetDependency section */

/* Begin PBXVariantGroup section */
		241D5C7E1C0E4C4600DF0F41 /* Main.storyboard */ = {
			isa = PBXVariantGroup;
			children = (
				241D5C7F1C0E4C4600DF0F41 /* Base */,
			);
			name = Main.storyboard;
			sourceTree = "<group>";
		};
		241D5C831C0E4C4600DF0F41 /* LaunchScreen.storyboard */ = {
			isa = PBXVariantGroup;
			children = (
				241D5C841C0E4C4600DF0F41 /* Base */,
			);
			name = LaunchScreen.storyboard;
			sourceTree = "<group>";
		};
/* End PBXVariantGroup section */

/* Begin XCBuildConfiguration section */
		241D5C9D1C0E4C4600DF0F41 /* Debug */ = {
			isa = XCBuildConfiguration;
			buildSettings = {
				ALWAYS_SEARCH_USER_PATHS = NO;
				CLANG_CXX_LANGUAGE_STANDARD = "gnu++0x";
				CLANG_CXX_LIBRARY = "libc++";
				CLANG_ENABLE_MODULES = YES;
				CLANG_ENABLE_OBJC_ARC = YES;
				CLANG_WARN_BOOL_CONVERSION = YES;
				CLANG_WARN_CONSTANT_CONVERSION = YES;
				CLANG_WARN_DIRECT_OBJC_ISA_USAGE = YES_ERROR;
				CLANG_WARN_EMPTY_BODY = YES;
				CLANG_WARN_ENUM_CONVERSION = YES;
				CLANG_WARN_INT_CONVERSION = YES;
				CLANG_WARN_OBJC_ROOT_CLASS = YES_ERROR;
				CLANG_WARN_UNREACHABLE_CODE = YES;
				CLANG_WARN__DUPLICATE_METHOD_MATCH = YES;
				"CODE_SIGN_IDENTITY[sdk=iphoneos*]" = "iPhone Developer";
				COPY_PHASE_STRIP = NO;
				DEBUG_INFORMATION_FORMAT = dwarf;
				ENABLE_STRICT_OBJC_MSGSEND = YES;
				ENABLE_TESTABILITY = YES;
				GCC_C_LANGUAGE_STANDARD = gnu99;
				GCC_DYNAMIC_NO_PIC = NO;
				GCC_NO_COMMON_BLOCKS = YES;
				GCC_OPTIMIZATION_LEVEL = 0;
				GCC_PREPROCESSOR_DEFINITIONS = (
					"DEBUG=1",
					"$(inherited)",
				);
				GCC_WARN_64_TO_32_BIT_CONVERSION = YES;
				GCC_WARN_ABOUT_RETURN_TYPE = YES_ERROR;
				GCC_WARN_UNDECLARED_SELECTOR = YES;
				GCC_WARN_UNINITIALIZED_AUTOS = YES_AGGRESSIVE;
				GCC_WARN_UNUSED_FUNCTION = YES;
				GCC_WARN_UNUSED_VARIABLE = YES;
				IPHONEOS_DEPLOYMENT_TARGET = 9.1;
				MTL_ENABLE_DEBUG_INFO = YES;
				ONLY_ACTIVE_ARCH = YES;
				SDKROOT = iphoneos;
				SWIFT_OPTIMIZATION_LEVEL = "-Onone";
			};
			name = Debug;
		};
		241D5C9E1C0E4C4600DF0F41 /* Release */ = {
			isa = XCBuildConfiguration;
			buildSettings = {
				ALWAYS_SEARCH_USER_PATHS = NO;
				CLANG_CXX_LANGUAGE_STANDARD = "gnu++0x";
				CLANG_CXX_LIBRARY = "libc++";
				CLANG_ENABLE_MODULES = YES;
				CLANG_ENABLE_OBJC_ARC = YES;
				CLANG_WARN_BOOL_CONVERSION = YES;
				CLANG_WARN_CONSTANT_CONVERSION = YES;
				CLANG_WARN_DIRECT_OBJC_ISA_USAGE = YES_ERROR;
				CLANG_WARN_EMPTY_BODY = YES;
				CLANG_WARN_ENUM_CONVERSION = YES;
				CLANG_WARN_INT_CONVERSION = YES;
				CLANG_WARN_OBJC_ROOT_CLASS = YES_ERROR;
				CLANG_WARN_UNREACHABLE_CODE = YES;
				CLANG_WARN__DUPLICATE_METHOD_MATCH = YES;
				"CODE_SIGN_IDENTITY[sdk=iphoneos*]" = "iPhone Developer";
				COPY_PHASE_STRIP = NO;
				DEBUG_INFORMATION_FORMAT = "dwarf-with-dsym";
				ENABLE_NS_ASSERTIONS = NO;
				ENABLE_STRICT_OBJC_MSGSEND = YES;
				GCC_C_LANGUAGE_STANDARD = gnu99;
				GCC_NO_COMMON_BLOCKS = YES;
				GCC_WARN_64_TO_32_BIT_CONVERSION = YES;
				GCC_WARN_ABOUT_RETURN_TYPE = YES_ERROR;
				GCC_WARN_UNDECLARED_SELECTOR = YES;
				GCC_WARN_UNINITIALIZED_AUTOS = YES_AGGRESSIVE;
				GCC_WARN_UNUSED_FUNCTION = YES;
				GCC_WARN_UNUSED_VARIABLE = YES;
				IPHONEOS_DEPLOYMENT_TARGET = 9.1;
				MTL_ENABLE_DEBUG_INFO = NO;
				SDKROOT = iphoneos;
				VALIDATE_PRODUCT = YES;
			};
			name = Release;
		};
		241D5CA01C0E4C4600DF0F41 /* Debug */ = {
			isa = XCBuildConfiguration;
			baseConfigurationReference = 1A368F2B5F0767046D89E44A /* Pods-Seneca7.debug.xcconfig */;
			buildSettings = {
				ASSETCATALOG_COMPILER_APPICON_NAME = AppIcon;
				CODE_SIGN_IDENTITY = "iPhone Developer";
				FRAMEWORK_SEARCH_PATHS = (
					"$(inherited)",
					"$(PROJECT_DIR)",
				);
				INFOPLIST_FILE = Seneca7/Info.plist;
				IPHONEOS_DEPLOYMENT_TARGET = 9.1;
				LD_RUNPATH_SEARCH_PATHS = "$(inherited) @executable_path/Frameworks";
				PRODUCT_BUNDLE_IDENTIFIER = irt.Seneca7;
				PRODUCT_NAME = "$(TARGET_NAME)";
			};
			name = Debug;
		};
		241D5CA11C0E4C4600DF0F41 /* Release */ = {
			isa = XCBuildConfiguration;
			baseConfigurationReference = DA3B9F117AAB8F3014F93B5E /* Pods-Seneca7.release.xcconfig */;
			buildSettings = {
				ASSETCATALOG_COMPILER_APPICON_NAME = AppIcon;
				CODE_SIGN_IDENTITY = "iPhone Developer";
				FRAMEWORK_SEARCH_PATHS = (
					"$(inherited)",
					"$(PROJECT_DIR)",
				);
				INFOPLIST_FILE = Seneca7/Info.plist;
				IPHONEOS_DEPLOYMENT_TARGET = 9.1;
				LD_RUNPATH_SEARCH_PATHS = "$(inherited) @executable_path/Frameworks";
				PRODUCT_BUNDLE_IDENTIFIER = irt.Seneca7;
				PRODUCT_NAME = "$(TARGET_NAME)";
			};
			name = Release;
		};
		241D5CA31C0E4C4600DF0F41 /* Debug */ = {
			isa = XCBuildConfiguration;
			buildSettings = {
				BUNDLE_LOADER = "$(TEST_HOST)";
				INFOPLIST_FILE = Seneca7Tests/Info.plist;
				LD_RUNPATH_SEARCH_PATHS = "$(inherited) @executable_path/Frameworks @loader_path/Frameworks";
				PRODUCT_BUNDLE_IDENTIFIER = irt.Seneca7Tests;
				PRODUCT_NAME = "$(TARGET_NAME)";
				TEST_HOST = "$(BUILT_PRODUCTS_DIR)/Seneca7.app/Seneca7";
			};
			name = Debug;
		};
		241D5CA41C0E4C4600DF0F41 /* Release */ = {
			isa = XCBuildConfiguration;
			buildSettings = {
				BUNDLE_LOADER = "$(TEST_HOST)";
				INFOPLIST_FILE = Seneca7Tests/Info.plist;
				LD_RUNPATH_SEARCH_PATHS = "$(inherited) @executable_path/Frameworks @loader_path/Frameworks";
				PRODUCT_BUNDLE_IDENTIFIER = irt.Seneca7Tests;
				PRODUCT_NAME = "$(TARGET_NAME)";
				TEST_HOST = "$(BUILT_PRODUCTS_DIR)/Seneca7.app/Seneca7";
			};
			name = Release;
		};
		241D5CA61C0E4C4600DF0F41 /* Debug */ = {
			isa = XCBuildConfiguration;
			buildSettings = {
				INFOPLIST_FILE = Seneca7UITests/Info.plist;
				LD_RUNPATH_SEARCH_PATHS = "$(inherited) @executable_path/Frameworks @loader_path/Frameworks";
				PRODUCT_BUNDLE_IDENTIFIER = irt.Seneca7UITests;
				PRODUCT_NAME = "$(TARGET_NAME)";
				TEST_TARGET_NAME = Seneca7;
				USES_XCTRUNNER = YES;
			};
			name = Debug;
		};
		241D5CA71C0E4C4600DF0F41 /* Release */ = {
			isa = XCBuildConfiguration;
			buildSettings = {
				INFOPLIST_FILE = Seneca7UITests/Info.plist;
				LD_RUNPATH_SEARCH_PATHS = "$(inherited) @executable_path/Frameworks @loader_path/Frameworks";
				PRODUCT_BUNDLE_IDENTIFIER = irt.Seneca7UITests;
				PRODUCT_NAME = "$(TARGET_NAME)";
				TEST_TARGET_NAME = Seneca7;
				USES_XCTRUNNER = YES;
			};
			name = Release;
		};
/* End XCBuildConfiguration section */

/* Begin XCConfigurationList section */
		241D5C721C0E4C4600DF0F41 /* Build configuration list for PBXProject "Seneca7" */ = {
			isa = XCConfigurationList;
			buildConfigurations = (
				241D5C9D1C0E4C4600DF0F41 /* Debug */,
				241D5C9E1C0E4C4600DF0F41 /* Release */,
			);
			defaultConfigurationIsVisible = 0;
			defaultConfigurationName = Release;
		};
		241D5C9F1C0E4C4600DF0F41 /* Build configuration list for PBXNativeTarget "Seneca7" */ = {
			isa = XCConfigurationList;
			buildConfigurations = (
				241D5CA01C0E4C4600DF0F41 /* Debug */,
				241D5CA11C0E4C4600DF0F41 /* Release */,
			);
			defaultConfigurationIsVisible = 0;
			defaultConfigurationName = Release;
		};
		241D5CA21C0E4C4600DF0F41 /* Build configuration list for PBXNativeTarget "Seneca7Tests" */ = {
			isa = XCConfigurationList;
			buildConfigurations = (
				241D5CA31C0E4C4600DF0F41 /* Debug */,
				241D5CA41C0E4C4600DF0F41 /* Release */,
			);
			defaultConfigurationIsVisible = 0;
			defaultConfigurationName = Release;
		};
		241D5CA51C0E4C4600DF0F41 /* Build configuration list for PBXNativeTarget "Seneca7UITests" */ = {
			isa = XCConfigurationList;
			buildConfigurations = (
				241D5CA61C0E4C4600DF0F41 /* Debug */,
				241D5CA71C0E4C4600DF0F41 /* Release */,
			);
			defaultConfigurationIsVisible = 0;
			defaultConfigurationName = Release;
		};
/* End XCConfigurationList section */
	};
	rootObject = 241D5C6F1C0E4C4600DF0F41 /* Project object */;
}
